
Microsoft Visual Studio Solution File, Format Version 12.00
# Visual Studio 15
VisualStudioVersion = 15.0.28010.2036
MinimumVisualStudioVersion = 10.0.40219.1
Project("{FAE04EC0-301F-11D3-BF4B-00C04F79EFBC}") = "CallSystem", "CallSystem\CallSystem.csproj", "{914AFCC8-64C1-4A51-870C-53980624AD6C}"
EndProject
Global
	GlobalSection(SolutionConfigurationPlatforms) = preSolution
		Debug|Any CPU = Debug|Any CPU
		Release|Any CPU = Release|Any CPU
	EndGlobalSection
	GlobalSection(ProjectConfigurationPlatforms) = postSolution
		{914AFCC8-64C1-4A51-870C-53980624AD6C}.Debug|Any CPU.ActiveCfg = Debug|Any CPU
		{914AFCC8-64C1-4A51-870C-53980624AD6C}.Debug|Any CPU.Build.0 = Debug|Any CPU
		{914AFCC8-64C1-4A51-870C-53980624AD6C}.Release|Any CPU.ActiveCfg = Release|Any CPU
		{914AFCC8-64C1-4A51-870C-53980624AD6C}.Release|Any CPU.Build.0 = Release|Any CPU
	EndGlobalSection
	GlobalSection(SolutionProperties) = preSolution
		HideSolutionNode = FALSE
	EndGlobalSection
	GlobalSection(ExtensibilityGlobals) = postSolution
		SolutionGuid = {DB79EAB3-F172-4889-B153-59557E297061}
	EndGlobalSection
EndGlobal
